
Microsoft Visual Studio Solution File, Format Version 12.00
# Visual Studio Version 17
VisualStudioVersion = 17.7.34031.279
MinimumVisualStudioVersion = 10.0.40219.1
Project("{9A19103F-16F7-4668-BE54-9A1E7A4F7556}") = "ShopOnline.Web", "ShopOnline.Web\ShopOnline.Web.csproj", "{91B8E652-63E5-47B9-B15E-F78F8160A46D}"
EndProject
Project("{9A19103F-16F7-4668-BE54-9A1E7A4F7556}") = "ShopOnline.Api", "ShopOnline.Api\ShopOnline.Api.csproj", "{0DA630F4-592E-4C54-81EB-2E5D1FABAAB1}"
EndProject
Project("{9A19103F-16F7-4668-BE54-9A1E7A4F7556}") = "ShopOnline.Models", "ShopOnline.Models\ShopOnline.Models.csproj", "{D141D5BB-F980-407C-AA58-CCF8C6A561BC}"
EndProject
Project("{2150E333-8FDC-42A3-9474-1A3956D46DE8}") = "Solution Items", "Solution Items", "{A5E287C5-7DFA-48C1-8E9E-9370F1B2203F}"
	ProjectSection(SolutionItems) = preProject
		.editorconfig = .editorconfig
	EndProjectSection
EndProject
Global
	GlobalSection(SolutionConfigurationPlatforms) = preSolution
		Debug|Any CPU = Debug|Any CPU
		Release|Any CPU = Release|Any CPU
	EndGlobalSection
	GlobalSection(ProjectConfigurationPlatforms) = postSolution
		{91B8E652-63E5-47B9-B15E-F78F8160A46D}.Debug|Any CPU.ActiveCfg = Debug|Any CPU
		{91B8E652-63E5-47B9-B15E-F78F8160A46D}.Debug|Any CPU.Build.0 = Debug|Any CPU
		{91B8E652-63E5-47B9-B15E-F78F8160A46D}.Release|Any CPU.ActiveCfg = Release|Any CPU
		{91B8E652-63E5-47B9-B15E-F78F8160A46D}.Release|Any CPU.Build.0 = Release|Any CPU
		{0DA630F4-592E-4C54-81EB-2E5D1FABAAB1}.Debug|Any CPU.ActiveCfg = Debug|Any CPU
		{0DA630F4-592E-4C54-81EB-2E5D1FABAAB1}.Debug|Any CPU.Build.0 = Debug|Any CPU
		{0DA630F4-592E-4C54-81EB-2E5D1FABAAB1}.Release|Any CPU.ActiveCfg = Release|Any CPU
		{0DA630F4-592E-4C54-81EB-2E5D1FABAAB1}.Release|Any CPU.Build.0 = Release|Any CPU
		{D141D5BB-F980-407C-AA58-CCF8C6A561BC}.Debug|Any CPU.ActiveCfg = Debug|Any CPU
		{D141D5BB-F980-407C-AA58-CCF8C6A561BC}.Debug|Any CPU.Build.0 = Debug|Any CPU
		{D141D5BB-F980-407C-AA58-CCF8C6A561BC}.Release|Any CPU.ActiveCfg = Release|Any CPU
		{D141D5BB-F980-407C-AA58-CCF8C6A561BC}.Release|Any CPU.Build.0 = Release|Any CPU
	EndGlobalSection
	GlobalSection(SolutionProperties) = preSolution
		HideSolutionNode = FALSE
	EndGlobalSection
	GlobalSection(ExtensibilityGlobals) = postSolution
		SolutionGuid = {EABAE313-CB4E-4E7B-9E92-D30F1059F44F}
	EndGlobalSection
EndGlobal
